
Microsoft Visual Studio Solution File, Format Version 12.00
# Visual Studio 14
VisualStudioVersion = 14.0.25123.0
MinimumVisualStudioVersion = 10.0.40219.1
Project("{FAE04EC0-301F-11D3-BF4B-00C04F79EFBC}") = "Mobile3_Lab3_Forms.Droid", "Mobile3_Lab3_Forms\Mobile3_Lab3_Forms.Droid\Mobile3_Lab3_Forms.Droid.csproj", "{BDB74CCF-236B-41D5-AC75-954451C7125E}"
EndProject
Project("{FAE04EC0-301F-11D3-BF4B-00C04F79EFBC}") = "Mobile3_Lab3_Forms.iOS", "Mobile3_Lab3_Forms\Mobile3_Lab3_Forms.iOS\Mobile3_Lab3_Forms.iOS.csproj", "{85454CE5-DDB0-4837-87A4-47E111D0BA9F}"
EndProject
Project("{FAE04EC0-301F-11D3-BF4B-00C04F79EFBC}") = "Mobile3_Lab3_Forms", "Mobile3_Lab3_Forms\Mobile3_Lab3_Forms\Mobile3_Lab3_Forms.csproj", "{7FFC631D-D999-43D9-837F-6B2FF962FBB0}"
EndProject
Global
	GlobalSection(SolutionConfigurationPlatforms) = preSolution
		Ad-Hoc|Any CPU = Ad-Hoc|Any CPU
		Ad-Hoc|iPhone = Ad-Hoc|iPhone
		Ad-Hoc|iPhoneSimulator = Ad-Hoc|iPhoneSimulator
		AppStore|Any CPU = AppStore|Any CPU
		AppStore|iPhone = AppStore|iPhone
		AppStore|iPhoneSimulator = AppStore|iPhoneSimulator
		Debug|Any CPU = Debug|Any CPU
		Debug|iPhone = Debug|iPhone
		Debug|iPhoneSimulator = Debug|iPhoneSimulator
		Release|Any CPU = Release|Any CPU
		Release|iPhone = Release|iPhone
		Release|iPhoneSimulator = Release|iPhoneSimulator
	EndGlobalSection
	GlobalSection(ProjectConfigurationPlatforms) = postSolution
		{BDB74CCF-236B-41D5-AC75-954451C7125E}.Ad-Hoc|Any CPU.ActiveCfg = Release|Any CPU
		{BDB74CCF-236B-41D5-AC75-954451C7125E}.Ad-Hoc|Any CPU.Build.0 = Release|Any CPU
		{BDB74CCF-236B-41D5-AC75-954451C7125E}.Ad-Hoc|Any CPU.Deploy.0 = Release|Any CPU
		{BDB74CCF-236B-41D5-AC75-954451C7125E}.Ad-Hoc|iPhone.ActiveCfg = Release|Any CPU
		{BDB74CCF-236B-41D5-AC75-954451C7125E}.Ad-Hoc|iPhone.Build.0 = Release|Any CPU
		{BDB74CCF-236B-41D5-AC75-954451C7125E}.Ad-Hoc|iPhone.Deploy.0 = Release|Any CPU
		{BDB74CCF-236B-41D5-AC75-954451C7125E}.Ad-Hoc|iPhoneSimulator.ActiveCfg = Release|Any CPU
		{BDB74CCF-236B-41D5-AC75-954451C7125E}.Ad-Hoc|iPhoneSimulator.Build.0 = Release|Any CPU
		{BDB74CCF-236B-41D5-AC75-954451C7125E}.Ad-Hoc|iPhoneSimulator.Deploy.0 = Release|Any CPU
		{BDB74CCF-236B-41D5-AC75-954451C7125E}.AppStore|Any CPU.ActiveCfg = Release|Any CPU
		{BDB74CCF-236B-41D5-AC75-954451C7125E}.AppStore|Any CPU.Build.0 = Release|Any CPU
		{BDB74CCF-236B-41D5-AC75-954451C7125E}.AppStore|Any CPU.Deploy.0 = Release|Any CPU
		{BDB74CCF-236B-41D5-AC75-954451C7125E}.AppStore|iPhone.ActiveCfg = Release|Any CPU
		{BDB74CCF-236B-41D5-AC75-954451C7125E}.AppStore|iPhone.Build.0 = Release|Any CPU
		{BDB74CCF-236B-41D5-AC75-954451C7125E}.AppStore|iPhone.Deploy.0 = Release|Any CPU
		{BDB74CCF-236B-41D5-AC75-954451C7125E}.AppStore|iPhoneSimulator.ActiveCfg = Release|Any CPU
		{BDB74CCF-236B-41D5-AC75-954451C7125E}.AppStore|iPhoneSimulator.Build.0 = Release|Any CPU
		{BDB74CCF-236B-41D5-AC75-954451C7125E}.AppStore|iPhoneSimulator.Deploy.0 = Release|Any CPU
		{BDB74CCF-236B-41D5-AC75-954451C7125E}.Debug|Any CPU.ActiveCfg = Debug|Any CPU
		{BDB74CCF-236B-41D5-AC75-954451C7125E}.Debug|Any CPU.Build.0 = Debug|Any CPU
		{BDB74CCF-236B-41D5-AC75-954451C7125E}.Debug|Any CPU.Deploy.0 = Debug|Any CPU
		{BDB74CCF-236B-41D5-AC75-954451C7125E}.Debug|iPhone.ActiveCfg = Debug|Any CPU
		{BDB74CCF-236B-41D5-AC75-954451C7125E}.Debug|iPhone.Build.0 = Debug|Any CPU
		{BDB74CCF-236B-41D5-AC75-954451C7125E}.Debug|iPhone.Deploy.0 = Debug|Any CPU
		{BDB74CCF-236B-41D5-AC75-954451C7125E}.Debug|iPhoneSimulator.ActiveCfg = Debug|Any CPU
		{BDB74CCF-236B-41D5-AC75-954451C7125E}.Debug|iPhoneSimulator.Build.0 = Debug|Any CPU
		{BDB74CCF-236B-41D5-AC75-954451C7125E}.Debug|iPhoneSimulator.Deploy.0 = Debug|Any CPU
		{BDB74CCF-236B-41D5-AC75-954451C7125E}.Release|Any CPU.ActiveCfg = Release|Any CPU
		{BDB74CCF-236B-41D5-AC75-954451C7125E}.Release|Any CPU.Build.0 = Release|Any CPU
		{BDB74CCF-236B-41D5-AC75-954451C7125E}.Release|Any CPU.Deploy.0 = Release|Any CPU
		{BDB74CCF-236B-41D5-AC75-954451C7125E}.Release|iPhone.ActiveCfg = Release|Any CPU
		{BDB74CCF-236B-41D5-AC75-954451C7125E}.Release|iPhone.Build.0 = Release|Any CPU
		{BDB74CCF-236B-41D5-AC75-954451C7125E}.Release|iPhone.Deploy.0 = Release|Any CPU
		{BDB74CCF-236B-41D5-AC75-954451C7125E}.Release|iPhoneSimulator.ActiveCfg = Release|Any CPU
		{BDB74CCF-236B-41D5-AC75-954451C7125E}.Release|iPhoneSimulator.Build.0 = Release|Any CPU
		{BDB74CCF-236B-41D5-AC75-954451C7125E}.Release|iPhoneSimulator.Deploy.0 = Release|Any CPU
		{85454CE5-DDB0-4837-87A4-47E111D0BA9F}.Ad-Hoc|Any CPU.ActiveCfg = Ad-Hoc|iPhone
		{85454CE5-DDB0-4837-87A4-47E111D0BA9F}.Ad-Hoc|iPhone.ActiveCfg = Ad-Hoc|iPhone
		{85454CE5-DDB0-4837-87A4-47E111D0BA9F}.Ad-Hoc|iPhone.Build.0 = Ad-Hoc|iPhone
		{85454CE5-DDB0-4837-87A4-47E111D0BA9F}.Ad-Hoc|iPhoneSimulator.ActiveCfg = Ad-Hoc|iPhoneSimulator
		{85454CE5-DDB0-4837-87A4-47E111D0BA9F}.Ad-Hoc|iPhoneSimulator.Build.0 = Ad-Hoc|iPhoneSimulator
		{85454CE5-DDB0-4837-87A4-47E111D0BA9F}.AppStore|Any CPU.ActiveCfg = AppStore|iPhone
		{85454CE5-DDB0-4837-87A4-47E111D0BA9F}.AppStore|iPhone.ActiveCfg = AppStore|iPhone
		{85454CE5-DDB0-4837-87A4-47E111D0BA9F}.AppStore|iPhone.Build.0 = AppStore|iPhone
		{85454CE5-DDB0-4837-87A4-47E111D0BA9F}.AppStore|iPhoneSimulator.ActiveCfg = AppStore|iPhoneSimulator
		{85454CE5-DDB0-4837-87A4-47E111D0BA9F}.AppStore|iPhoneSimulator.Build.0 = AppStore|iPhoneSimulator
		{85454CE5-DDB0-4837-87A4-47E111D0BA9F}.Debug|Any CPU.ActiveCfg = Debug|iPhone
		{85454CE5-DDB0-4837-87A4-47E111D0BA9F}.Debug|iPhone.ActiveCfg = Debug|iPhone
		{85454CE5-DDB0-4837-87A4-47E111D0BA9F}.Debug|iPhone.Build.0 = Debug|iPhone
		{85454CE5-DDB0-4837-87A4-47E111D0BA9F}.Debug|iPhoneSimulator.ActiveCfg = Debug|iPhoneSimulator
		{85454CE5-DDB0-4837-87A4-47E111D0BA9F}.Debug|iPhoneSimulator.Build.0 = Debug|iPhoneSimulator
		{85454CE5-DDB0-4837-87A4-47E111D0BA9F}.Release|Any CPU.ActiveCfg = Release|iPhone
		{85454CE5-DDB0-4837-87A4-47E111D0BA9F}.Release|iPhone.ActiveCfg = Release|iPhone
		{85454CE5-DDB0-4837-87A4-47E111D0BA9F}.Release|iPhone.Build.0 = Release|iPhone
		{85454CE5-DDB0-4837-87A4-47E111D0BA9F}.Release|iPhoneSimulator.ActiveCfg = Release|iPhoneSimulator
		{85454CE5-DDB0-4837-87A4-47E111D0BA9F}.Release|iPhoneSimulator.Build.0 = Release|iPhoneSimulator
		{7FFC631D-D999-43D9-837F-6B2FF962FBB0}.Ad-Hoc|Any CPU.ActiveCfg = Release|Any CPU
		{7FFC631D-D999-43D9-837F-6B2FF962FBB0}.Ad-Hoc|Any CPU.Build.0 = Release|Any CPU
		{7FFC631D-D999-43D9-837F-6B2FF962FBB0}.Ad-Hoc|iPhone.ActiveCfg = Release|Any CPU
		{7FFC631D-D999-43D9-837F-6B2FF962FBB0}.Ad-Hoc|iPhone.Build.0 = Release|Any CPU
		{7FFC631D-D999-43D9-837F-6B2FF962FBB0}.Ad-Hoc|iPhoneSimulator.ActiveCfg = Release|Any CPU
		{7FFC631D-D999-43D9-837F-6B2FF962FBB0}.Ad-Hoc|iPhoneSimulator.Build.0 = Release|Any CPU
		{7FFC631D-D999-43D9-837F-6B2FF962FBB0}.AppStore|Any CPU.ActiveCfg = Release|Any CPU
		{7FFC631D-D999-43D9-837F-6B2FF962FBB0}.AppStore|Any CPU.Build.0 = Release|Any CPU
		{7FFC631D-D999-43D9-837F-6B2FF962FBB0}.AppStore|iPhone.ActiveCfg = Release|Any CPU
		{7FFC631D-D999-43D9-837F-6B2FF962FBB0}.AppStore|iPhone.Build.0 = Release|Any CPU
		{7FFC631D-D999-43D9-837F-6B2FF962FBB0}.AppStore|iPhoneSimulator.ActiveCfg = Release|Any CPU
		{7FFC631D-D999-43D9-837F-6B2FF962FBB0}.AppStore|iPhoneSimulator.Build.0 = Release|Any CPU
		{7FFC631D-D999-43D9-837F-6B2FF962FBB0}.Debug|Any CPU.ActiveCfg = Debug|Any CPU
		{7FFC631D-D999-43D9-837F-6B2FF962FBB0}.Debug|Any CPU.Build.0 = Debug|Any CPU
		{7FFC631D-D999-43D9-837F-6B2FF962FBB0}.Debug|iPhone.ActiveCfg = Debug|Any CPU
		{7FFC631D-D999-43D9-837F-6B2FF962FBB0}.Debug|iPhone.Build.0 = Debug|Any CPU
		{7FFC631D-D999-43D9-837F-6B2FF962FBB0}.Debug|iPhoneSimulator.ActiveCfg = Debug|Any CPU
		{7FFC631D-D999-43D9-837F-6B2FF962FBB0}.Debug|iPhoneSimulator.Build.0 = Debug|Any CPU
		{7FFC631D-D999-43D9-837F-6B2FF962FBB0}.Release|Any CPU.ActiveCfg = Release|Any CPU
		{7FFC631D-D999-43D9-837F-6B2FF962FBB0}.Release|Any CPU.Build.0 = Release|Any CPU
		{7FFC631D-D999-43D9-837F-6B2FF962FBB0}.Release|iPhone.ActiveCfg = Release|Any CPU
		{7FFC631D-D999-43D9-837F-6B2FF962FBB0}.Release|iPhone.Build.0 = Release|Any CPU
		{7FFC631D-D999-43D9-837F-6B2FF962FBB0}.Release|iPhoneSimulator.ActiveCfg = Release|Any CPU
		{7FFC631D-D999-43D9-837F-6B2FF962FBB0}.Release|iPhoneSimulator.Build.0 = Release|Any CPU
	EndGlobalSection
	GlobalSection(SolutionProperties) = preSolution
		HideSolutionNode = FALSE
	EndGlobalSection
EndGlobal
