
Microsoft Visual Studio Solution File, Format Version 12.00
# Visual Studio 14
VisualStudioVersion = 14.0.25123.0
MinimumVisualStudioVersion = 10.0.40219.1
Project("{FAE04EC0-301F-11D3-BF4B-00C04F79EFBC}") = "Mobile3_Lab2_iOS", "Mobile3_Lab2_iOS\Mobile3_Lab2_iOS.csproj", "{7EB3B2C3-AC64-4195-8CFA-C51FC571F1A4}"
EndProject
Global
	GlobalSection(SolutionConfigurationPlatforms) = preSolution
		Ad-Hoc|iPhone = Ad-Hoc|iPhone
		Ad-Hoc|iPhoneSimulator = Ad-Hoc|iPhoneSimulator
		AppStore|iPhone = AppStore|iPhone
		AppStore|iPhoneSimulator = AppStore|iPhoneSimulator
		Debug|iPhone = Debug|iPhone
		Debug|iPhoneSimulator = Debug|iPhoneSimulator
		Release|iPhone = Release|iPhone
		Release|iPhoneSimulator = Release|iPhoneSimulator
	EndGlobalSection
	GlobalSection(ProjectConfigurationPlatforms) = postSolution
		{7EB3B2C3-AC64-4195-8CFA-C51FC571F1A4}.Ad-Hoc|iPhone.ActiveCfg = Ad-Hoc|iPhone
		{7EB3B2C3-AC64-4195-8CFA-C51FC571F1A4}.Ad-Hoc|iPhone.Build.0 = Ad-Hoc|iPhone
		{7EB3B2C3-AC64-4195-8CFA-C51FC571F1A4}.Ad-Hoc|iPhoneSimulator.ActiveCfg = Ad-Hoc|iPhoneSimulator
		{7EB3B2C3-AC64-4195-8CFA-C51FC571F1A4}.Ad-Hoc|iPhoneSimulator.Build.0 = Ad-Hoc|iPhoneSimulator
		{7EB3B2C3-AC64-4195-8CFA-C51FC571F1A4}.AppStore|iPhone.ActiveCfg = AppStore|iPhone
		{7EB3B2C3-AC64-4195-8CFA-C51FC571F1A4}.AppStore|iPhone.Build.0 = AppStore|iPhone
		{7EB3B2C3-AC64-4195-8CFA-C51FC571F1A4}.AppStore|iPhoneSimulator.ActiveCfg = AppStore|iPhoneSimulator
		{7EB3B2C3-AC64-4195-8CFA-C51FC571F1A4}.AppStore|iPhoneSimulator.Build.0 = AppStore|iPhoneSimulator
		{7EB3B2C3-AC64-4195-8CFA-C51FC571F1A4}.Debug|iPhone.ActiveCfg = Debug|iPhone
		{7EB3B2C3-AC64-4195-8CFA-C51FC571F1A4}.Debug|iPhone.Build.0 = Debug|iPhone
		{7EB3B2C3-AC64-4195-8CFA-C51FC571F1A4}.Debug|iPhoneSimulator.ActiveCfg = Debug|iPhoneSimulator
		{7EB3B2C3-AC64-4195-8CFA-C51FC571F1A4}.Debug|iPhoneSimulator.Build.0 = Debug|iPhoneSimulator
		{7EB3B2C3-AC64-4195-8CFA-C51FC571F1A4}.Release|iPhone.ActiveCfg = Release|iPhone
		{7EB3B2C3-AC64-4195-8CFA-C51FC571F1A4}.Release|iPhone.Build.0 = Release|iPhone
		{7EB3B2C3-AC64-4195-8CFA-C51FC571F1A4}.Release|iPhoneSimulator.ActiveCfg = Release|iPhoneSimulator
		{7EB3B2C3-AC64-4195-8CFA-C51FC571F1A4}.Release|iPhoneSimulator.Build.0 = Release|iPhoneSimulator
	EndGlobalSection
	GlobalSection(SolutionProperties) = preSolution
		HideSolutionNode = FALSE
	EndGlobalSection
EndGlobal
